// !$*UTF8*$!
{
	archiveVersion = 1;
	classes = {
	};
	objectVersion = 46;
	objects = {

/* Begin PBXBuildFile section */
		F131A4001A77FF4500934554 /* qr.svg in Resources */ = {isa = PBXBuildFile; fileRef = F131A3FF1A77FF4500934554 /* qr.svg */; };
		F131A4021A77FF8700934554 /* ElmoLovesABCQR.png in Resources */ = {isa = PBXBuildFile; fileRef = F131A4011A77FF8700934554 /* ElmoLovesABCQR.png */; };
		F131A4041A77FFC700934554 /* ElmoLovesABCQR.png in Resources */ = {isa = PBXBuildFile; fileRef = F131A4031A77FFC700934554 /* ElmoLovesABCQR.png */; };
		F131A4051A77FFC700934554 /* ElmoLovesABCQR.png in Resources */ = {isa = PBXBuildFile; fileRef = F131A4031A77FFC700934554 /* ElmoLovesABCQR.png */; };
		F131A4071A77FFD000934554 /* qr.svg in Resources */ = {isa = PBXBuildFile; fileRef = F131A4061A77FFD000934554 /* qr.svg */; };
		F131A4081A77FFD000934554 /* qr.svg in Resources */ = {isa = PBXBuildFile; fileRef = F131A4061A77FFD000934554 /* qr.svg */; };
		F1380DE41A774131001BBF9D /* AppDelegate.swift in Sources */ = {isa = PBXBuildFile; fileRef = F1380DE31A774131001BBF9D /* AppDelegate.swift */; };
		F1380DE61A774131001BBF9D /* ViewController.swift in Sources */ = {isa = PBXBuildFile; fileRef = F1380DE51A774131001BBF9D /* ViewController.swift */; };
		F1380DE91A774131001BBF9D /* Main.storyboard in Resources */ = {isa = PBXBuildFile; fileRef = F1380DE71A774131001BBF9D /* Main.storyboard */; };
		F1380DEB1A774131001BBF9D /* Images.xcassets in Resources */ = {isa = PBXBuildFile; fileRef = F1380DEA1A774131001BBF9D /* Images.xcassets */; };
		F1380DEE1A774131001BBF9D /* LaunchScreen.xib in Resources */ = {isa = PBXBuildFile; fileRef = F1380DEC1A774131001BBF9D /* LaunchScreen.xib */; };
		F1380DFA1A774131001BBF9D /* sunnytestTests.swift in Sources */ = {isa = PBXBuildFile; fileRef = F1380DF91A774131001BBF9D /* sunnytestTests.swift */; };
		F1380E041A774932001BBF9D /* front.png in Resources */ = {isa = PBXBuildFile; fileRef = F1380E031A774932001BBF9D /* front.png */; };
		F1380E051A774932001BBF9D /* front.png in Resources */ = {isa = PBXBuildFile; fileRef = F1380E031A774932001BBF9D /* front.png */; };
		F1380E0C1A77494E001BBF9D /* blue.png in Resources */ = {isa = PBXBuildFile; fileRef = F1380E061A77494E001BBF9D /* blue.png */; };
		F1380E0D1A77494E001BBF9D /* blue.png in Resources */ = {isa = PBXBuildFile; fileRef = F1380E061A77494E001BBF9D /* blue.png */; };
		F1380E0E1A77494E001BBF9D /* bluex.png in Resources */ = {isa = PBXBuildFile; fileRef = F1380E071A77494E001BBF9D /* bluex.png */; };
		F1380E0F1A77494E001BBF9D /* bluex.png in Resources */ = {isa = PBXBuildFile; fileRef = F1380E071A77494E001BBF9D /* bluex.png */; };
		F1380E101A77494E001BBF9D /* heart.png in Resources */ = {isa = PBXBuildFile; fileRef = F1380E081A77494E001BBF9D /* heart.png */; };
		F1380E111A77494E001BBF9D /* heart.png in Resources */ = {isa = PBXBuildFile; fileRef = F1380E081A77494E001BBF9D /* heart.png */; };
		F1380E121A77494E001BBF9D /* playlist.png in Resources */ = {isa = PBXBuildFile; fileRef = F1380E091A77494E001BBF9D /* playlist.png */; };
		F1380E131A77494E001BBF9D /* playlist.png in Resources */ = {isa = PBXBuildFile; fileRef = F1380E091A77494E001BBF9D /* playlist.png */; };
		F1380E141A77494E001BBF9D /* yellow.png in Resources */ = {isa = PBXBuildFile; fileRef = F1380E0A1A77494E001BBF9D /* yellow.png */; };
		F1380E151A77494E001BBF9D /* yellow.png in Resources */ = {isa = PBXBuildFile; fileRef = F1380E0A1A77494E001BBF9D /* yellow.png */; };
		F1380E161A77494E001BBF9D /* yellowx.png in Resources */ = {isa = PBXBuildFile; fileRef = F1380E0B1A77494E001BBF9D /* yellowx.png */; };
		F1380E171A77494E001BBF9D /* yellowx.png in Resources */ = {isa = PBXBuildFile; fileRef = F1380E0B1A77494E001BBF9D /* yellowx.png */; };
		F1380E191A778326001BBF9D /* qrsingle.jpg in Resources */ = {isa = PBXBuildFile; fileRef = F1380E181A778326001BBF9D /* qrsingle.jpg */; };
		F1380E1A1A778326001BBF9D /* qrsingle.jpg in Resources */ = {isa = PBXBuildFile; fileRef = F1380E181A778326001BBF9D /* qrsingle.jpg */; };
		F1380E1C1A77833C001BBF9D /* screen480x480 (1).jpeg in Resources */ = {isa = PBXBuildFile; fileRef = F1380E1B1A77833C001BBF9D /* screen480x480 (1).jpeg */; };
		F1380E1D1A77833C001BBF9D /* screen480x480 (1).jpeg in Resources */ = {isa = PBXBuildFile; fileRef = F1380E1B1A77833C001BBF9D /* screen480x480 (1).jpeg */; };
		F1380E1F1A778345001BBF9D /* screen480x480.jpeg in Resources */ = {isa = PBXBuildFile; fileRef = F1380E1E1A778345001BBF9D /* screen480x480.jpeg */; };
		F1380E201A778345001BBF9D /* screen480x480.jpeg in Resources */ = {isa = PBXBuildFile; fileRef = F1380E1E1A778345001BBF9D /* screen480x480.jpeg */; };
		F1380E221A778363001BBF9D /* elmoLovesABCs-01.jpg in Resources */ = {isa = PBXBuildFile; fileRef = F1380E211A778363001BBF9D /* elmoLovesABCs-01.jpg */; };
		F1380E231A778363001BBF9D /* elmoLovesABCs-01.jpg in Resources */ = {isa = PBXBuildFile; fileRef = F1380E211A778363001BBF9D /* elmoLovesABCs-01.jpg */; };
/* End PBXBuildFile section */

/* Begin PBXContainerItemProxy section */
		F1380DF41A774131001BBF9D /* PBXContainerItemProxy */ = {
			isa = PBXContainerItemProxy;
			containerPortal = F1380DD61A774131001BBF9D /* Project object */;
			proxyType = 1;
			remoteGlobalIDString = F1380DDD1A774131001BBF9D;
			remoteInfo = sunnytest;
		};
/* End PBXContainerItemProxy section */

/* Begin PBXFileReference section */
		F131A3FF1A77FF4500934554 /* qr.svg */ = {isa = PBXFileReference; fileEncoding = 4; lastKnownFileType = text.xml; path = qr.svg; sourceTree = "<group>"; };
		F131A4011A77FF8700934554 /* ElmoLovesABCQR.png */ = {isa = PBXFileReference; lastKnownFileType = image.png; path = ElmoLovesABCQR.png; sourceTree = "<group>"; };
		F131A4031A77FFC700934554 /* ElmoLovesABCQR.png */ = {isa = PBXFileReference; lastKnownFileType = image.png; path = ElmoLovesABCQR.png; sourceTree = "<group>"; };
		F131A4061A77FFD000934554 /* qr.svg */ = {isa = PBXFileReference; fileEncoding = 4; lastKnownFileType = text.xml; path = qr.svg; sourceTree = "<group>"; };
		F1380DDE1A774131001BBF9D /* sunnytest.app */ = {isa = PBXFileReference; explicitFileType = wrapper.application; includeInIndex = 0; path = sunnytest.app; sourceTree = BUILT_PRODUCTS_DIR; };
		F1380DE21A774131001BBF9D /* Info.plist */ = {isa = PBXFileReference; lastKnownFileType = text.plist.xml; path = Info.plist; sourceTree = "<group>"; };
		F1380DE31A774131001BBF9D /* AppDelegate.swift */ = {isa = PBXFileReference; lastKnownFileType = sourcecode.swift; path = AppDelegate.swift; sourceTree = "<group>"; };
		F1380DE51A774131001BBF9D /* ViewController.swift */ = {isa = PBXFileReference; lastKnownFileType = sourcecode.swift; path = ViewController.swift; sourceTree = "<group>"; };
		F1380DE81A774131001BBF9D /* Base */ = {isa = PBXFileReference; lastKnownFileType = file.storyboard; name = Base; path = Base.lproj/Main.storyboard; sourceTree = "<group>"; };
		F1380DEA1A774131001BBF9D /* Images.xcassets */ = {isa = PBXFileReference; lastKnownFileType = folder.assetcatalog; path = Images.xcassets; sourceTree = "<group>"; };
		F1380DED1A774131001BBF9D /* Base */ = {isa = PBXFileReference; lastKnownFileType = file.xib; name = Base; path = Base.lproj/LaunchScreen.xib; sourceTree = "<group>"; };
		F1380DF31A774131001BBF9D /* sunnytestTests.xctest */ = {isa = PBXFileReference; explicitFileType = wrapper.cfbundle; includeInIndex = 0; path = sunnytestTests.xctest; sourceTree = BUILT_PRODUCTS_DIR; };
		F1380DF81A774131001BBF9D /* Info.plist */ = {isa = PBXFileReference; lastKnownFileType = text.plist.xml; path = Info.plist; sourceTree = "<group>"; };
		F1380DF91A774131001BBF9D /* sunnytestTests.swift */ = {isa = PBXFileReference; lastKnownFileType = sourcecode.swift; path = sunnytestTests.swift; sourceTree = "<group>"; };
		F1380E031A774932001BBF9D /* front.png */ = {isa = PBXFileReference; lastKnownFileType = image.png; path = front.png; sourceTree = "<group>"; };
		F1380E061A77494E001BBF9D /* blue.png */ = {isa = PBXFileReference; lastKnownFileType = image.png; path = blue.png; sourceTree = "<group>"; };
		F1380E071A77494E001BBF9D /* bluex.png */ = {isa = PBXFileReference; lastKnownFileType = image.png; path = bluex.png; sourceTree = "<group>"; };
		F1380E081A77494E001BBF9D /* heart.png */ = {isa = PBXFileReference; lastKnownFileType = image.png; path = heart.png; sourceTree = "<group>"; };
		F1380E091A77494E001BBF9D /* playlist.png */ = {isa = PBXFileReference; lastKnownFileType = image.png; path = playlist.png; sourceTree = "<group>"; };
		F1380E0A1A77494E001BBF9D /* yellow.png */ = {isa = PBXFileReference; lastKnownFileType = image.png; path = yellow.png; sourceTree = "<group>"; };
		F1380E0B1A77494E001BBF9D /* yellowx.png */ = {isa = PBXFileReference; lastKnownFileType = image.png; path = yellowx.png; sourceTree = "<group>"; };
		F1380E181A778326001BBF9D /* qrsingle.jpg */ = {isa = PBXFileReference; lastKnownFileType = image.jpeg; path = qrsingle.jpg; sourceTree = "<group>"; };
		F1380E1B1A77833C001BBF9D /* screen480x480 (1).jpeg */ = {isa = PBXFileReference; lastKnownFileType = image.jpeg; path = "screen480x480 (1).jpeg"; sourceTree = "<group>"; };
		F1380E1E1A778345001BBF9D /* screen480x480.jpeg */ = {isa = PBXFileReference; lastKnownFileType = image.jpeg; path = screen480x480.jpeg; sourceTree = "<group>"; };
		F1380E211A778363001BBF9D /* elmoLovesABCs-01.jpg */ = {isa = PBXFileReference; lastKnownFileType = image.jpeg; path = "elmoLovesABCs-01.jpg"; sourceTree = "<group>"; };
/* End PBXFileReference section */

/* Begin PBXFrameworksBuildPhase section */
		F1380DDB1A774131001BBF9D /* Frameworks */ = {
			isa = PBXFrameworksBuildPhase;
			buildActionMask = 2147483647;
			files = (
			);
			runOnlyForDeploymentPostprocessing = 0;
		};
		F1380DF01A774131001BBF9D /* Frameworks */ = {
			isa = PBXFrameworksBuildPhase;
			buildActionMask = 2147483647;
			files = (
			);
			runOnlyForDeploymentPostprocessing = 0;
		};
/* End PBXFrameworksBuildPhase section */

/* Begin PBXGroup section */
		F1380DD51A774131001BBF9D = {
			isa = PBXGroup;
			children = (
				F1380DE01A774131001BBF9D /* sunnytest */,
				F1380DF61A774131001BBF9D /* sunnytestTests */,
				F1380DDF1A774131001BBF9D /* Products */,
			);
			sourceTree = "<group>";
		};
		F1380DDF1A774131001BBF9D /* Products */ = {
			isa = PBXGroup;
			children = (
				F1380DDE1A774131001BBF9D /* sunnytest.app */,
				F1380DF31A774131001BBF9D /* sunnytestTests.xctest */,
			);
			name = Products;
			sourceTree = "<group>";
		};
		F1380DE01A774131001BBF9D /* sunnytest */ = {
			isa = PBXGroup;
			children = (
				F1380DE31A774131001BBF9D /* AppDelegate.swift */,
				F1380DE51A774131001BBF9D /* ViewController.swift */,
				F1380DE71A774131001BBF9D /* Main.storyboard */,
				F1380DEA1A774131001BBF9D /* Images.xcassets */,
				F1380DEC1A774131001BBF9D /* LaunchScreen.xib */,
				F1380DE11A774131001BBF9D /* Supporting Files */,
			);
			path = sunnytest;
			sourceTree = "<group>";
		};
		F1380DE11A774131001BBF9D /* Supporting Files */ = {
			isa = PBXGroup;
			children = (
				F131A4011A77FF8700934554 /* ElmoLovesABCQR.png */,
				F131A3FF1A77FF4500934554 /* qr.svg */,
				F1380E061A77494E001BBF9D /* blue.png */,
				F1380E071A77494E001BBF9D /* bluex.png */,
				F1380E081A77494E001BBF9D /* heart.png */,
				F1380E091A77494E001BBF9D /* playlist.png */,
				F1380E0A1A77494E001BBF9D /* yellow.png */,
				F1380E0B1A77494E001BBF9D /* yellowx.png */,
				F1380DE21A774131001BBF9D /* Info.plist */,
			);
			name = "Supporting Files";
			sourceTree = "<group>";
		};
		F1380DF61A774131001BBF9D /* sunnytestTests */ = {
			isa = PBXGroup;
			children = (
				F1380DF91A774131001BBF9D /* sunnytestTests.swift */,
				F1380E031A774932001BBF9D /* front.png */,
				F1380DF71A774131001BBF9D /* Supporting Files */,
			);
			path = sunnytestTests;
			sourceTree = "<group>";
		};
		F1380DF71A774131001BBF9D /* Supporting Files */ = {
			isa = PBXGroup;
			children = (
				F131A4061A77FFD000934554 /* qr.svg */,
				F131A4031A77FFC700934554 /* ElmoLovesABCQR.png */,
				F1380E211A778363001BBF9D /* elmoLovesABCs-01.jpg */,
				F1380E1E1A778345001BBF9D /* screen480x480.jpeg */,
				F1380E1B1A77833C001BBF9D /* screen480x480 (1).jpeg */,
				F1380E181A778326001BBF9D /* qrsingle.jpg */,
				F1380DF81A774131001BBF9D /* Info.plist */,
			);
			name = "Supporting Files";
			sourceTree = "<group>";
		};
/* End PBXGroup section */

/* Begin PBXNativeTarget section */
		F1380DDD1A774131001BBF9D /* sunnytest */ = {
			isa = PBXNativeTarget;
			buildConfigurationList = F1380DFD1A774131001BBF9D /* Build configuration list for PBXNativeTarget "sunnytest" */;
			buildPhases = (
				F1380DDA1A774131001BBF9D /* Sources */,
				F1380DDB1A774131001BBF9D /* Frameworks */,
				F1380DDC1A774131001BBF9D /* Resources */,
			);
			buildRules = (
			);
			dependencies = (
			);
			name = sunnytest;
			productName = sunnytest;
			productReference = F1380DDE1A774131001BBF9D /* sunnytest.app */;
			productType = "com.apple.product-type.application";
		};
		F1380DF21A774131001BBF9D /* sunnytestTests */ = {
			isa = PBXNativeTarget;
			buildConfigurationList = F1380E001A774131001BBF9D /* Build configuration list for PBXNativeTarget "sunnytestTests" */;
			buildPhases = (
				F1380DEF1A774131001BBF9D /* Sources */,
				F1380DF01A774131001BBF9D /* Frameworks */,
				F1380DF11A774131001BBF9D /* Resources */,
			);
			buildRules = (
			);
			dependencies = (
				F1380DF51A774131001BBF9D /* PBXTargetDependency */,
			);
			name = sunnytestTests;
			productName = sunnytestTests;
			productReference = F1380DF31A774131001BBF9D /* sunnytestTests.xctest */;
			productType = "com.apple.product-type.bundle.unit-test";
		};
/* End PBXNativeTarget section */

/* Begin PBXProject section */
		F1380DD61A774131001BBF9D /* Project object */ = {
			isa = PBXProject;
			attributes = {
				LastUpgradeCheck = 0610;
				ORGANIZATIONNAME = "YOONSUN LEE";
				TargetAttributes = {
					F1380DDD1A774131001BBF9D = {
						CreatedOnToolsVersion = 6.1.1;
					};
					F1380DF21A774131001BBF9D = {
						CreatedOnToolsVersion = 6.1.1;
						TestTargetID = F1380DDD1A774131001BBF9D;
					};
				};
			};
			buildConfigurationList = F1380DD91A774131001BBF9D /* Build configuration list for PBXProject "sunnytest" */;
			compatibilityVersion = "Xcode 3.2";
			developmentRegion = English;
			hasScannedForEncodings = 0;
			knownRegions = (
				en,
				Base,
			);
			mainGroup = F1380DD51A774131001BBF9D;
			productRefGroup = F1380DDF1A774131001BBF9D /* Products */;
			projectDirPath = "";
			projectRoot = "";
			targets = (
				F1380DDD1A774131001BBF9D /* sunnytest */,
				F1380DF21A774131001BBF9D /* sunnytestTests */,
			);
		};
/* End PBXProject section */

/* Begin PBXResourcesBuildPhase section */
		F1380DDC1A774131001BBF9D /* Resources */ = {
			isa = PBXResourcesBuildPhase;
			buildActionMask = 2147483647;
			files = (
				F1380E1F1A778345001BBF9D /* screen480x480.jpeg in Resources */,
				F131A4041A77FFC700934554 /* ElmoLovesABCQR.png in Resources */,
				F1380DE91A774131001BBF9D /* Main.storyboard in Resources */,
				F1380E141A77494E001BBF9D /* yellow.png in Resources */,
				F1380E121A77494E001BBF9D /* playlist.png in Resources */,
				F131A4021A77FF8700934554 /* ElmoLovesABCQR.png in Resources */,
				F1380E221A778363001BBF9D /* elmoLovesABCs-01.jpg in Resources */,
				F131A4001A77FF4500934554 /* qr.svg in Resources */,
				F1380E0C1A77494E001BBF9D /* blue.png in Resources */,
				F1380E1C1A77833C001BBF9D /* screen480x480 (1).jpeg in Resources */,
				F1380E0E1A77494E001BBF9D /* bluex.png in Resources */,
				F131A4071A77FFD000934554 /* qr.svg in Resources */,
				F1380E041A774932001BBF9D /* front.png in Resources */,
				F1380E161A77494E001BBF9D /* yellowx.png in Resources */,
				F1380E191A778326001BBF9D /* qrsingle.jpg in Resources */,
				F1380E101A77494E001BBF9D /* heart.png in Resources */,
				F1380DEE1A774131001BBF9D /* LaunchScreen.xib in Resources */,
				F1380DEB1A774131001BBF9D /* Images.xcassets in Resources */,
			);
			runOnlyForDeploymentPostprocessing = 0;
		};
		F1380DF11A774131001BBF9D /* Resources */ = {
			isa = PBXResourcesBuildPhase;
			buildActionMask = 2147483647;
			files = (
				F131A4081A77FFD000934554 /* qr.svg in Resources */,
				F1380E201A778345001BBF9D /* screen480x480.jpeg in Resources */,
				F1380E1A1A778326001BBF9D /* qrsingle.jpg in Resources */,
				F1380E1D1A77833C001BBF9D /* screen480x480 (1).jpeg in Resources */,
				F1380E111A77494E001BBF9D /* heart.png in Resources */,
				F131A4051A77FFC700934554 /* ElmoLovesABCQR.png in Resources */,
				F1380E231A778363001BBF9D /* elmoLovesABCs-01.jpg in Resources */,
				F1380E171A77494E001BBF9D /* yellowx.png in Resources */,
				F1380E151A77494E001BBF9D /* yellow.png in Resources */,
				F1380E131A77494E001BBF9D /* playlist.png in Resources */,
				F1380E051A774932001BBF9D /* front.png in Resources */,
				F1380E0D1A77494E001BBF9D /* blue.png in Resources */,
				F1380E0F1A77494E001BBF9D /* bluex.png in Resources */,
			);
			runOnlyForDeploymentPostprocessing = 0;
		};
/* End PBXResourcesBuildPhase section */

/* Begin PBXSourcesBuildPhase section */
		F1380DDA1A774131001BBF9D /* Sources */ = {
			isa = PBXSourcesBuildPhase;
			buildActionMask = 2147483647;
			files = (
				F1380DE61A774131001BBF9D /* ViewController.swift in Sources */,
				F1380DE41A774131001BBF9D /* AppDelegate.swift in Sources */,
			);
			runOnlyForDeploymentPostprocessing = 0;
		};
		F1380DEF1A774131001BBF9D /* Sources */ = {
			isa = PBXSourcesBuildPhase;
			buildActionMask = 2147483647;
			files = (
				F1380DFA1A774131001BBF9D /* sunnytestTests.swift in Sources */,
			);
			runOnlyForDeploymentPostprocessing = 0;
		};
/* End PBXSourcesBuildPhase section */

/* Begin PBXTargetDependency section */
		F1380DF51A774131001BBF9D /* PBXTargetDependency */ = {
			isa = PBXTargetDependency;
			target = F1380DDD1A774131001BBF9D /* sunnytest */;
			targetProxy = F1380DF41A774131001BBF9D /* PBXContainerItemProxy */;
		};
/* End PBXTargetDependency section */

/* Begin PBXVariantGroup section */
		F1380DE71A774131001BBF9D /* Main.storyboard */ = {
			isa = PBXVariantGroup;
			children = (
				F1380DE81A774131001BBF9D /* Base */,
			);
			name = Main.storyboard;
			sourceTree = "<group>";
		};
		F1380DEC1A774131001BBF9D /* LaunchScreen.xib */ = {
			isa = PBXVariantGroup;
			children = (
				F1380DED1A774131001BBF9D /* Base */,
			);
			name = LaunchScreen.xib;
			sourceTree = "<group>";
		};
/* End PBXVariantGroup section */

/* Begin XCBuildConfiguration section */
		F1380DFB1A774131001BBF9D /* Debug */ = {
			isa = XCBuildConfiguration;
			buildSettings = {
				ALWAYS_SEARCH_USER_PATHS = NO;
				CLANG_CXX_LANGUAGE_STANDARD = "gnu++0x";
				CLANG_CXX_LIBRARY = "libc++";
				CLANG_ENABLE_MODULES = YES;
				CLANG_ENABLE_OBJC_ARC = YES;
				CLANG_WARN_BOOL_CONVERSION = YES;
				CLANG_WARN_CONSTANT_CONVERSION = YES;
				CLANG_WARN_DIRECT_OBJC_ISA_USAGE = YES_ERROR;
				CLANG_WARN_EMPTY_BODY = YES;
				CLANG_WARN_ENUM_CONVERSION = YES;
				CLANG_WARN_INT_CONVERSION = YES;
				CLANG_WARN_OBJC_ROOT_CLASS = YES_ERROR;
				CLANG_WARN_UNREACHABLE_CODE = YES;
				CLANG_WARN__DUPLICATE_METHOD_MATCH = YES;
				"CODE_SIGN_IDENTITY[sdk=iphoneos*]" = "iPhone Developer";
				COPY_PHASE_STRIP = NO;
				ENABLE_STRICT_OBJC_MSGSEND = YES;
				GCC_C_LANGUAGE_STANDARD = gnu99;
				GCC_DYNAMIC_NO_PIC = NO;
				GCC_OPTIMIZATION_LEVEL = 0;
				GCC_PREPROCESSOR_DEFINITIONS = (
					"DEBUG=1",
					"$(inherited)",
				);
				GCC_SYMBOLS_PRIVATE_EXTERN = NO;
				GCC_WARN_64_TO_32_BIT_CONVERSION = YES;
				GCC_WARN_ABOUT_RETURN_TYPE = YES_ERROR;
				GCC_WARN_UNDECLARED_SELECTOR = YES;
				GCC_WARN_UNINITIALIZED_AUTOS = YES_AGGRESSIVE;
				GCC_WARN_UNUSED_FUNCTION = YES;
				GCC_WARN_UNUSED_VARIABLE = YES;
				IPHONEOS_DEPLOYMENT_TARGET = 8.1;
				MTL_ENABLE_DEBUG_INFO = YES;
				ONLY_ACTIVE_ARCH = YES;
				SDKROOT = iphoneos;
				SWIFT_OPTIMIZATION_LEVEL = "-Onone";
			};
			name = Debug;
		};
		F1380DFC1A774131001BBF9D /* Release */ = {
			isa = XCBuildConfiguration;
			buildSettings = {
				ALWAYS_SEARCH_USER_PATHS = NO;
				CLANG_CXX_LANGUAGE_STANDARD = "gnu++0x";
				CLANG_CXX_LIBRARY = "libc++";
				CLANG_ENABLE_MODULES = YES;
				CLANG_ENABLE_OBJC_ARC = YES;
				CLANG_WARN_BOOL_CONVERSION = YES;
				CLANG_WARN_CONSTANT_CONVERSION = YES;
				CLANG_WARN_DIRECT_OBJC_ISA_USAGE = YES_ERROR;
				CLANG_WARN_EMPTY_BODY = YES;
				CLANG_WARN_ENUM_CONVERSION = YES;
				CLANG_WARN_INT_CONVERSION = YES;
				CLANG_WARN_OBJC_ROOT_CLASS = YES_ERROR;
				CLANG_WARN_UNREACHABLE_CODE = YES;
				CLANG_WARN__DUPLICATE_METHOD_MATCH = YES;
				"CODE_SIGN_IDENTITY[sdk=iphoneos*]" = "iPhone Developer";
				COPY_PHASE_STRIP = YES;
				ENABLE_NS_ASSERTIONS = NO;
				ENABLE_STRICT_OBJC_MSGSEND = YES;
				GCC_C_LANGUAGE_STANDARD = gnu99;
				GCC_WARN_64_TO_32_BIT_CONVERSION = YES;
				GCC_WARN_ABOUT_RETURN_TYPE = YES_ERROR;
				GCC_WARN_UNDECLARED_SELECTOR = YES;
				GCC_WARN_UNINITIALIZED_AUTOS = YES_AGGRESSIVE;
				GCC_WARN_UNUSED_FUNCTION = YES;
				GCC_WARN_UNUSED_VARIABLE = YES;
				IPHONEOS_DEPLOYMENT_TARGET = 8.1;
				MTL_ENABLE_DEBUG_INFO = NO;
				SDKROOT = iphoneos;
				VALIDATE_PRODUCT = YES;
			};
			name = Release;
		};
		F1380DFE1A774131001BBF9D /* Debug */ = {
			isa = XCBuildConfiguration;
			buildSettings = {
				ASSETCATALOG_COMPILER_APPICON_NAME = AppIcon;
				INFOPLIST_FILE = sunnytest/Info.plist;
				LD_RUNPATH_SEARCH_PATHS = "$(inherited) @executable_path/Frameworks";
				PRODUCT_NAME = "$(TARGET_NAME)";
			};
			name = Debug;
		};
		F1380DFF1A774131001BBF9D /* Release */ = {
			isa = XCBuildConfiguration;
			buildSettings = {
				ASSETCATALOG_COMPILER_APPICON_NAME = AppIcon;
				INFOPLIST_FILE = sunnytest/Info.plist;
				LD_RUNPATH_SEARCH_PATHS = "$(inherited) @executable_path/Frameworks";
				PRODUCT_NAME = "$(TARGET_NAME)";
			};
			name = Release;
		};
		F1380E011A774131001BBF9D /* Debug */ = {
			isa = XCBuildConfiguration;
			buildSettings = {
				BUNDLE_LOADER = "$(TEST_HOST)";
				FRAMEWORK_SEARCH_PATHS = (
					"$(SDKROOT)/Developer/Library/Frameworks",
					"$(inherited)",
				);
				GCC_PREPROCESSOR_DEFINITIONS = (
					"DEBUG=1",
					"$(inherited)",
				);
				INFOPLIST_FILE = sunnytestTests/Info.plist;
				LD_RUNPATH_SEARCH_PATHS = "$(inherited) @executable_path/Frameworks @loader_path/Frameworks";
				PRODUCT_NAME = "$(TARGET_NAME)";
				TEST_HOST = "$(BUILT_PRODUCTS_DIR)/sunnytest.app/sunnytest";
			};
			name = Debug;
		};
		F1380E021A774131001BBF9D /* Release */ = {
			isa = XCBuildConfiguration;
			buildSettings = {
				BUNDLE_LOADER = "$(TEST_HOST)";
				FRAMEWORK_SEARCH_PATHS = (
					"$(SDKROOT)/Developer/Library/Frameworks",
					"$(inherited)",
				);
				INFOPLIST_FILE = sunnytestTests/Info.plist;
				LD_RUNPATH_SEARCH_PATHS = "$(inherited) @executable_path/Frameworks @loader_path/Frameworks";
				PRODUCT_NAME = "$(TARGET_NAME)";
				TEST_HOST = "$(BUILT_PRODUCTS_DIR)/sunnytest.app/sunnytest";
			};
			name = Release;
		};
/* End XCBuildConfiguration section */

/* Begin XCConfigurationList section */
		F1380DD91A774131001BBF9D /* Build configuration list for PBXProject "sunnytest" */ = {
			isa = XCConfigurationList;
			buildConfigurations = (
				F1380DFB1A774131001BBF9D /* Debug */,
				F1380DFC1A774131001BBF9D /* Release */,
			);
			defaultConfigurationIsVisible = 0;
			defaultConfigurationName = Release;
		};
		F1380DFD1A774131001BBF9D /* Build configuration list for PBXNativeTarget "sunnytest" */ = {
			isa = XCConfigurationList;
			buildConfigurations = (
				F1380DFE1A774131001BBF9D /* Debug */,
				F1380DFF1A774131001BBF9D /* Release */,
			);
			defaultConfigurationIsVisible = 0;
			defaultConfigurationName = Release;
		};
		F1380E001A774131001BBF9D /* Build configuration list for PBXNativeTarget "sunnytestTests" */ = {
			isa = XCConfigurationList;
			buildConfigurations = (
				F1380E011A774131001BBF9D /* Debug */,
				F1380E021A774131001BBF9D /* Release */,
			);
			defaultConfigurationIsVisible = 0;
			defaultConfigurationName = Release;
		};
/* End XCConfigurationList section */
	};
	rootObject = F1380DD61A774131001BBF9D /* Project object */;
}
